// !$*UTF8*$!
{
	archiveVersion = 1;
	classes = {
	};
	objectVersion = 46;
	objects = {

/* Begin PBXBuildFile section */
		4A0D3D1D1D99E24300B79F75 /* AudioAssist.xcdatamodeld in Sources */ = {isa = PBXBuildFile; fileRef = 4A0D3D1B1D99E24300B79F75 /* AudioAssist.xcdatamodeld */; };
		4A0D3D1F1D99E24300B79F75 /* Assets.xcassets in Resources */ = {isa = PBXBuildFile; fileRef = 4A0D3D1E1D99E24300B79F75 /* Assets.xcassets */; };
		4A0D3D221D99E24300B79F75 /* LaunchScreen.storyboard in Resources */ = {isa = PBXBuildFile; fileRef = 4A0D3D201D99E24300B79F75 /* LaunchScreen.storyboard */; };
		4A0D3D2A1D99E28700B79F75 /* Main.storyboard in Resources */ = {isa = PBXBuildFile; fileRef = 4A0D3D291D99E28700B79F75 /* Main.storyboard */; };
		4A0D3D2C1D99E3DC00B79F75 /* musicianOptions.json in Resources */ = {isa = PBXBuildFile; fileRef = 4A0D3D2B1D99E3DC00B79F75 /* musicianOptions.json */; };
		4A0D3D361D99E3E800B79F75 /* AppState.swift in Sources */ = {isa = PBXBuildFile; fileRef = 4A0D3D2D1D99E3E800B79F75 /* AppState.swift */; };
		4A0D3D371D99E3E800B79F75 /* Musician.swift in Sources */ = {isa = PBXBuildFile; fileRef = 4A0D3D2E1D99E3E800B79F75 /* Musician.swift */; };
		4A0D3D381D99E3E800B79F75 /* Message.swift in Sources */ = {isa = PBXBuildFile; fileRef = 4A0D3D2F1D99E3E800B79F75 /* Message.swift */; };
		4A0D3D3A1D99E3E800B79F75 /* LoginViewController.swift in Sources */ = {isa = PBXBuildFile; fileRef = 4A0D3D311D99E3E800B79F75 /* LoginViewController.swift */; };
		4A0D3D3B1D99E3E800B79F75 /* MessageCell.swift in Sources */ = {isa = PBXBuildFile; fileRef = 4A0D3D321D99E3E800B79F75 /* MessageCell.swift */; };
		4A0D3D3C1D99E3E800B79F75 /* ConfigOptionsCell.swift in Sources */ = {isa = PBXBuildFile; fileRef = 4A0D3D331D99E3E800B79F75 /* ConfigOptionsCell.swift */; };
		4A0D3D3D1D99E3E800B79F75 /* LayoutViewController.swift in Sources */ = {isa = PBXBuildFile; fileRef = 4A0D3D341D99E3E800B79F75 /* LayoutViewController.swift */; };
		4A0D3D3E1D99E3E800B79F75 /* LayoutConfigTableViewController.swift in Sources */ = {isa = PBXBuildFile; fileRef = 4A0D3D351D99E3E800B79F75 /* LayoutConfigTableViewController.swift */; };
		4A0D3D411D99E49B00B79F75 /* GoogleService-Info.plist in Resources */ = {isa = PBXBuildFile; fileRef = 4A0D3D401D99E49B00B79F75 /* GoogleService-Info.plist */; };
		4A0D3D591D99E57500B79F75 /* checkedRequest.png in Resources */ = {isa = PBXBuildFile; fileRef = 4A0D3D491D99E57500B79F75 /* checkedRequest.png */; };
		4A0D3D5A1D99E57500B79F75 /* uncheckedRequest.png in Resources */ = {isa = PBXBuildFile; fileRef = 4A0D3D4A1D99E57500B79F75 /* uncheckedRequest.png */; };
		4A0D3D5C1D99E57500B79F75 /* Checked@3x.png in Resources */ = {isa = PBXBuildFile; fileRef = 4A0D3D4C1D99E57500B79F75 /* Checked@3x.png */; };
		4A0D3D5D1D99E57500B79F75 /* Unchecked@3x.png in Resources */ = {isa = PBXBuildFile; fileRef = 4A0D3D4D1D99E57500B79F75 /* Unchecked@3x.png */; };
		4A4244081DA0135400958CEB /* AudioAssistTableViewController.swift in Sources */ = {isa = PBXBuildFile; fileRef = 4A4244071DA0135400958CEB /* AudioAssistTableViewController.swift */; };
		4A42440A1DA0138B00958CEB /* ChatViewController.swift in Sources */ = {isa = PBXBuildFile; fileRef = 4A4244091DA0138B00958CEB /* ChatViewController.swift */; };
		4A42440C1DA013B300958CEB /* AppDelegate.swift in Sources */ = {isa = PBXBuildFile; fileRef = 4A42440B1DA013B300958CEB /* AppDelegate.swift */; };
		6E9614B566CA8EE3BACB962C /* Pods_AudioAssist.framework in Frameworks */ = {isa = PBXBuildFile; fileRef = FA3916C8D24F0553AEDDEA0D /* Pods_AudioAssist.framework */; };
/* End PBXBuildFile section */

/* Begin PBXFileReference section */
		39D65A982690C4FA45CAB171 /* Pods-AudioAssist.debug.xcconfig */ = {isa = PBXFileReference; includeInIndex = 1; lastKnownFileType = text.xcconfig; name = "Pods-AudioAssist.debug.xcconfig"; path = "Pods/Target Support Files/Pods-AudioAssist/Pods-AudioAssist.debug.xcconfig"; sourceTree = "<group>"; };
		46B5F27CC8763D72BC89C467 /* Pods-AudioAssist.release.xcconfig */ = {isa = PBXFileReference; includeInIndex = 1; lastKnownFileType = text.xcconfig; name = "Pods-AudioAssist.release.xcconfig"; path = "Pods/Target Support Files/Pods-AudioAssist/Pods-AudioAssist.release.xcconfig"; sourceTree = "<group>"; };
		4A0D3D111D99E24300B79F75 /* AudioAssist.app */ = {isa = PBXFileReference; explicitFileType = wrapper.application; includeInIndex = 0; path = AudioAssist.app; sourceTree = BUILT_PRODUCTS_DIR; };
		4A0D3D1C1D99E24300B79F75 /* AudioAssist.xcdatamodel */ = {isa = PBXFileReference; lastKnownFileType = wrapper.xcdatamodel; path = AudioAssist.xcdatamodel; sourceTree = "<group>"; };
		4A0D3D1E1D99E24300B79F75 /* Assets.xcassets */ = {isa = PBXFileReference; lastKnownFileType = folder.assetcatalog; path = Assets.xcassets; sourceTree = "<group>"; };
		4A0D3D211D99E24300B79F75 /* Base */ = {isa = PBXFileReference; lastKnownFileType = file.storyboard; name = Base; path = Base.lproj/LaunchScreen.storyboard; sourceTree = "<group>"; };
		4A0D3D231D99E24300B79F75 /* Info.plist */ = {isa = PBXFileReference; lastKnownFileType = text.plist.xml; path = Info.plist; sourceTree = "<group>"; };
		4A0D3D291D99E28700B79F75 /* Main.storyboard */ = {isa = PBXFileReference; fileEncoding = 4; lastKnownFileType = file.storyboard; path = Main.storyboard; sourceTree = "<group>"; };
		4A0D3D2B1D99E3DC00B79F75 /* musicianOptions.json */ = {isa = PBXFileReference; fileEncoding = 4; lastKnownFileType = text.json; path = musicianOptions.json; sourceTree = "<group>"; };
		4A0D3D2D1D99E3E800B79F75 /* AppState.swift */ = {isa = PBXFileReference; fileEncoding = 4; lastKnownFileType = sourcecode.swift; path = AppState.swift; sourceTree = "<group>"; };
		4A0D3D2E1D99E3E800B79F75 /* Musician.swift */ = {isa = PBXFileReference; fileEncoding = 4; lastKnownFileType = sourcecode.swift; path = Musician.swift; sourceTree = "<group>"; };
		4A0D3D2F1D99E3E800B79F75 /* Message.swift */ = {isa = PBXFileReference; fileEncoding = 4; lastKnownFileType = sourcecode.swift; path = Message.swift; sourceTree = "<group>"; };
		4A0D3D311D99E3E800B79F75 /* LoginViewController.swift */ = {isa = PBXFileReference; fileEncoding = 4; lastKnownFileType = sourcecode.swift; path = LoginViewController.swift; sourceTree = "<group>"; };
		4A0D3D321D99E3E800B79F75 /* MessageCell.swift */ = {isa = PBXFileReference; fileEncoding = 4; lastKnownFileType = sourcecode.swift; path = MessageCell.swift; sourceTree = "<group>"; };
		4A0D3D331D99E3E800B79F75 /* ConfigOptionsCell.swift */ = {isa = PBXFileReference; fileEncoding = 4; lastKnownFileType = sourcecode.swift; path = ConfigOptionsCell.swift; sourceTree = "<group>"; };
		4A0D3D341D99E3E800B79F75 /* LayoutViewController.swift */ = {isa = PBXFileReference; fileEncoding = 4; lastKnownFileType = sourcecode.swift; path = LayoutViewController.swift; sourceTree = "<group>"; };
		4A0D3D351D99E3E800B79F75 /* LayoutConfigTableViewController.swift */ = {isa = PBXFileReference; fileEncoding = 4; lastKnownFileType = sourcecode.swift; path = LayoutConfigTableViewController.swift; sourceTree = "<group>"; };
		4A0D3D401D99E49B00B79F75 /* GoogleService-Info.plist */ = {isa = PBXFileReference; fileEncoding = 4; lastKnownFileType = text.plist.xml; path = "GoogleService-Info.plist"; sourceTree = "<group>"; };
		4A0D3D491D99E57500B79F75 /* checkedRequest.png */ = {isa = PBXFileReference; lastKnownFileType = image.png; path = checkedRequest.png; sourceTree = "<group>"; };
		4A0D3D4A1D99E57500B79F75 /* uncheckedRequest.png */ = {isa = PBXFileReference; lastKnownFileType = image.png; path = uncheckedRequest.png; sourceTree = "<group>"; };
		4A0D3D4C1D99E57500B79F75 /* Checked@3x.png */ = {isa = PBXFileReference; lastKnownFileType = image.png; path = "Checked@3x.png"; sourceTree = "<group>"; };
		4A0D3D4D1D99E57500B79F75 /* Unchecked@3x.png */ = {isa = PBXFileReference; lastKnownFileType = image.png; path = "Unchecked@3x.png"; sourceTree = "<group>"; };
		4A4244071DA0135400958CEB /* AudioAssistTableViewController.swift */ = {isa = PBXFileReference; fileEncoding = 4; lastKnownFileType = sourcecode.swift; path = AudioAssistTableViewController.swift; sourceTree = "<group>"; };
		4A4244091DA0138B00958CEB /* ChatViewController.swift */ = {isa = PBXFileReference; fileEncoding = 4; lastKnownFileType = sourcecode.swift; path = ChatViewController.swift; sourceTree = "<group>"; };
		4A42440B1DA013B300958CEB /* AppDelegate.swift */ = {isa = PBXFileReference; fileEncoding = 4; lastKnownFileType = sourcecode.swift; path = AppDelegate.swift; sourceTree = "<group>"; };
		4A42440D1DA1787700958CEB /* GothamHTF-Bold.otf */ = {isa = PBXFileReference; lastKnownFileType = file; path = "GothamHTF-Bold.otf"; sourceTree = "<group>"; };
		FA3916C8D24F0553AEDDEA0D /* Pods_AudioAssist.framework */ = {isa = PBXFileReference; explicitFileType = wrapper.framework; includeInIndex = 0; path = Pods_AudioAssist.framework; sourceTree = BUILT_PRODUCTS_DIR; };
/* End PBXFileReference section */

/* Begin PBXFrameworksBuildPhase section */
		4A0D3D0E1D99E24300B79F75 /* Frameworks */ = {
			isa = PBXFrameworksBuildPhase;
			buildActionMask = 2147483647;
			files = (
				6E9614B566CA8EE3BACB962C /* Pods_AudioAssist.framework in Frameworks */,
			);
			runOnlyForDeploymentPostprocessing = 0;
		};
/* End PBXFrameworksBuildPhase section */

/* Begin PBXGroup section */
		4A0D3D081D99E24300B79F75 = {
			isa = PBXGroup;
			children = (
				4A0D3D131D99E24300B79F75 /* AudioAssist */,
				4A0D3D121D99E24300B79F75 /* Products */,
				AF40D30888E4B6F886B55749 /* Pods */,
				E982D226F8BB0EE2A2CF15A9 /* Frameworks */,
			);
			sourceTree = "<group>";
		};
		4A0D3D121D99E24300B79F75 /* Products */ = {
			isa = PBXGroup;
			children = (
				4A0D3D111D99E24300B79F75 /* AudioAssist.app */,
			);
			name = Products;
			sourceTree = "<group>";
		};
		4A0D3D131D99E24300B79F75 /* AudioAssist */ = {
			isa = PBXGroup;
			children = (
				4A0D3D2B1D99E3DC00B79F75 /* musicianOptions.json */,
				4A42440D1DA1787700958CEB /* GothamHTF-Bold.otf */,
				4A0D3D341D99E3E800B79F75 /* LayoutViewController.swift */,
				4A42440B1DA013B300958CEB /* AppDelegate.swift */,
				4A0D3D351D99E3E800B79F75 /* LayoutConfigTableViewController.swift */,
				4A0D3D2D1D99E3E800B79F75 /* AppState.swift */,
				4A0D3D2E1D99E3E800B79F75 /* Musician.swift */,
				4A0D3D2F1D99E3E800B79F75 /* Message.swift */,
				4A4244091DA0138B00958CEB /* ChatViewController.swift */,
				4A0D3D311D99E3E800B79F75 /* LoginViewController.swift */,
				4A0D3D321D99E3E800B79F75 /* MessageCell.swift */,
				4A0D3D331D99E3E800B79F75 /* ConfigOptionsCell.swift */,
				4A4244071DA0135400958CEB /* AudioAssistTableViewController.swift */,
				4A0D3D291D99E28700B79F75 /* Main.storyboard */,
				4A0D3D1E1D99E24300B79F75 /* Assets.xcassets */,
				4A0D3D201D99E24300B79F75 /* LaunchScreen.storyboard */,
				4A0D3D491D99E57500B79F75 /* checkedRequest.png */,
				4A0D3D4A1D99E57500B79F75 /* uncheckedRequest.png */,
				4A0D3D4C1D99E57500B79F75 /* Checked@3x.png */,
				4A0D3D4D1D99E57500B79F75 /* Unchecked@3x.png */,
				4A0D3D231D99E24300B79F75 /* Info.plist */,
				4A0D3D401D99E49B00B79F75 /* GoogleService-Info.plist */,
				4A0D3D1B1D99E24300B79F75 /* AudioAssist.xcdatamodeld */,
			);
			path = AudioAssist;
			sourceTree = "<group>";
		};
		AF40D30888E4B6F886B55749 /* Pods */ = {
			isa = PBXGroup;
			children = (
				39D65A982690C4FA45CAB171 /* Pods-AudioAssist.debug.xcconfig */,
				46B5F27CC8763D72BC89C467 /* Pods-AudioAssist.release.xcconfig */,
			);
			name = Pods;
			sourceTree = "<group>";
		};
		E982D226F8BB0EE2A2CF15A9 /* Frameworks */ = {
			isa = PBXGroup;
			children = (
				FA3916C8D24F0553AEDDEA0D /* Pods_AudioAssist.framework */,
			);
			name = Frameworks;
			sourceTree = "<group>";
		};
/* End PBXGroup section */

/* Begin PBXNativeTarget section */
		4A0D3D101D99E24300B79F75 /* AudioAssist */ = {
			isa = PBXNativeTarget;
			buildConfigurationList = 4A0D3D261D99E24300B79F75 /* Build configuration list for PBXNativeTarget "AudioAssist" */;
			buildPhases = (
				E5F968B5A4E337FDC3FDE763 /* 📦 Check Pods Manifest.lock */,
				4A0D3D0D1D99E24300B79F75 /* Sources */,
				4A0D3D0E1D99E24300B79F75 /* Frameworks */,
				4A0D3D0F1D99E24300B79F75 /* Resources */,
				5AC9670CB39DBD725F9F358E /* 📦 Embed Pods Frameworks */,
				494AF3BD216B6D90808D31ED /* 📦 Copy Pods Resources */,
			);
			buildRules = (
			);
			dependencies = (
			);
			name = AudioAssist;
			productName = AudioAssist;
			productReference = 4A0D3D111D99E24300B79F75 /* AudioAssist.app */;
			productType = "com.apple.product-type.application";
		};
/* End PBXNativeTarget section */

/* Begin PBXProject section */
		4A0D3D091D99E24300B79F75 /* Project object */ = {
			isa = PBXProject;
			attributes = {
				LastSwiftUpdateCheck = 0730;
				LastUpgradeCheck = 0730;
				ORGANIZATIONNAME = "Gregory Weiss";
				TargetAttributes = {
					4A0D3D101D99E24300B79F75 = {
						CreatedOnToolsVersion = 7.3.1;
					};
				};
			};
			buildConfigurationList = 4A0D3D0C1D99E24300B79F75 /* Build configuration list for PBXProject "AudioAssist" */;
			compatibilityVersion = "Xcode 3.2";
			developmentRegion = English;
			hasScannedForEncodings = 0;
			knownRegions = (
				en,
				Base,
			);
			mainGroup = 4A0D3D081D99E24300B79F75;
			productRefGroup = 4A0D3D121D99E24300B79F75 /* Products */;
			projectDirPath = "";
			projectRoot = "";
			targets = (
				4A0D3D101D99E24300B79F75 /* AudioAssist */,
			);
		};
/* End PBXProject section */

/* Begin PBXResourcesBuildPhase section */
		4A0D3D0F1D99E24300B79F75 /* Resources */ = {
			isa = PBXResourcesBuildPhase;
			buildActionMask = 2147483647;
			files = (
				4A0D3D5A1D99E57500B79F75 /* uncheckedRequest.png in Resources */,
				4A0D3D2A1D99E28700B79F75 /* Main.storyboard in Resources */,
				4A0D3D5D1D99E57500B79F75 /* Unchecked@3x.png in Resources */,
				4A0D3D5C1D99E57500B79F75 /* Checked@3x.png in Resources */,
				4A0D3D2C1D99E3DC00B79F75 /* musicianOptions.json in Resources */,
				4A0D3D591D99E57500B79F75 /* checkedRequest.png in Resources */,
				4A0D3D411D99E49B00B79F75 /* GoogleService-Info.plist in Resources */,
				4A0D3D221D99E24300B79F75 /* LaunchScreen.storyboard in Resources */,
				4A0D3D1F1D99E24300B79F75 /* Assets.xcassets in Resources */,
			);
			runOnlyForDeploymentPostprocessing = 0;
		};
/* End PBXResourcesBuildPhase section */

/* Begin PBXShellScriptBuildPhase section */
		494AF3BD216B6D90808D31ED /* 📦 Copy Pods Resources */ = {
			isa = PBXShellScriptBuildPhase;
			buildActionMask = 2147483647;
			files = (
			);
			inputPaths = (
			);
			name = "📦 Copy Pods Resources";
			outputPaths = (
			);
			runOnlyForDeploymentPostprocessing = 0;
			shellPath = /bin/sh;
			shellScript = "\"${SRCROOT}/Pods/Target Support Files/Pods-AudioAssist/Pods-AudioAssist-resources.sh\"\n";
			showEnvVarsInLog = 0;
		};
		5AC9670CB39DBD725F9F358E /* 📦 Embed Pods Frameworks */ = {
			isa = PBXShellScriptBuildPhase;
			buildActionMask = 2147483647;
			files = (
			);
			inputPaths = (
			);
			name = "📦 Embed Pods Frameworks";
			outputPaths = (
			);
			runOnlyForDeploymentPostprocessing = 0;
			shellPath = /bin/sh;
			shellScript = "\"${SRCROOT}/Pods/Target Support Files/Pods-AudioAssist/Pods-AudioAssist-frameworks.sh\"\n";
			showEnvVarsInLog = 0;
		};
		E5F968B5A4E337FDC3FDE763 /* 📦 Check Pods Manifest.lock */ = {
			isa = PBXShellScriptBuildPhase;
			buildActionMask = 2147483647;
			files = (
			);
			inputPaths = (
			);
			name = "📦 Check Pods Manifest.lock";
			outputPaths = (
			);
			runOnlyForDeploymentPostprocessing = 0;
			shellPath = /bin/sh;
			shellScript = "diff \"${PODS_ROOT}/../Podfile.lock\" \"${PODS_ROOT}/Manifest.lock\" > /dev/null\nif [[ $? != 0 ]] ; then\n    cat << EOM\nerror: The sandbox is not in sync with the Podfile.lock. Run 'pod install' or update your CocoaPods installation.\nEOM\n    exit 1\nfi\n";
			showEnvVarsInLog = 0;
		};
/* End PBXShellScriptBuildPhase section */

/* Begin PBXSourcesBuildPhase section */
		4A0D3D0D1D99E24300B79F75 /* Sources */ = {
			isa = PBXSourcesBuildPhase;
			buildActionMask = 2147483647;
			files = (
				4A42440C1DA013B300958CEB /* AppDelegate.swift in Sources */,
				4A0D3D3D1D99E3E800B79F75 /* LayoutViewController.swift in Sources */,
				4A0D3D3E1D99E3E800B79F75 /* LayoutConfigTableViewController.swift in Sources */,
				4A0D3D3C1D99E3E800B79F75 /* ConfigOptionsCell.swift in Sources */,
				4A4244081DA0135400958CEB /* AudioAssistTableViewController.swift in Sources */,
				4A0D3D3A1D99E3E800B79F75 /* LoginViewController.swift in Sources */,
				4A0D3D3B1D99E3E800B79F75 /* MessageCell.swift in Sources */,
				4A0D3D361D99E3E800B79F75 /* AppState.swift in Sources */,
				4A0D3D1D1D99E24300B79F75 /* AudioAssist.xcdatamodeld in Sources */,
				4A0D3D381D99E3E800B79F75 /* Message.swift in Sources */,
				4A0D3D371D99E3E800B79F75 /* Musician.swift in Sources */,
				4A42440A1DA0138B00958CEB /* ChatViewController.swift in Sources */,
			);
			runOnlyForDeploymentPostprocessing = 0;
		};
/* End PBXSourcesBuildPhase section */

/* Begin PBXVariantGroup section */
		4A0D3D201D99E24300B79F75 /* LaunchScreen.storyboard */ = {
			isa = PBXVariantGroup;
			children = (
				4A0D3D211D99E24300B79F75 /* Base */,
			);
			name = LaunchScreen.storyboard;
			sourceTree = "<group>";
		};
/* End PBXVariantGroup section */

/* Begin XCBuildConfiguration section */
		4A0D3D241D99E24300B79F75 /* Debug */ = {
			isa = XCBuildConfiguration;
			buildSettings = {
				ALWAYS_SEARCH_USER_PATHS = NO;
				CLANG_ANALYZER_NONNULL = YES;
				CLANG_CXX_LANGUAGE_STANDARD = "gnu++0x";
				CLANG_CXX_LIBRARY = "libc++";
				CLANG_ENABLE_MODULES = YES;
				CLANG_ENABLE_OBJC_ARC = YES;
				CLANG_WARN_BOOL_CONVERSION = YES;
				CLANG_WARN_CONSTANT_CONVERSION = YES;
				CLANG_WARN_DIRECT_OBJC_ISA_USAGE = YES_ERROR;
				CLANG_WARN_EMPTY_BODY = YES;
				CLANG_WARN_ENUM_CONVERSION = YES;
				CLANG_WARN_INT_CONVERSION = YES;
				CLANG_WARN_OBJC_ROOT_CLASS = YES_ERROR;
				CLANG_WARN_UNREACHABLE_CODE = YES;
				CLANG_WARN__DUPLICATE_METHOD_MATCH = YES;
				"CODE_SIGN_IDENTITY[sdk=iphoneos*]" = "iPhone Developer";
				COPY_PHASE_STRIP = NO;
				DEBUG_INFORMATION_FORMAT = dwarf;
				ENABLE_STRICT_OBJC_MSGSEND = YES;
				ENABLE_TESTABILITY = YES;
				GCC_C_LANGUAGE_STANDARD = gnu99;
				GCC_DYNAMIC_NO_PIC = NO;
				GCC_NO_COMMON_BLOCKS = YES;
				GCC_OPTIMIZATION_LEVEL = 0;
				GCC_PREPROCESSOR_DEFINITIONS = (
					"DEBUG=1",
					"$(inherited)",
				);
				GCC_WARN_64_TO_32_BIT_CONVERSION = YES;
				GCC_WARN_ABOUT_RETURN_TYPE = YES_ERROR;
				GCC_WARN_UNDECLARED_SELECTOR = YES;
				GCC_WARN_UNINITIALIZED_AUTOS = YES_AGGRESSIVE;
				GCC_WARN_UNUSED_FUNCTION = YES;
				GCC_WARN_UNUSED_VARIABLE = YES;
				IPHONEOS_DEPLOYMENT_TARGET = 9.3;
				MTL_ENABLE_DEBUG_INFO = YES;
				ONLY_ACTIVE_ARCH = YES;
				SDKROOT = iphoneos;
				SWIFT_OPTIMIZATION_LEVEL = "-Onone";
				TARGETED_DEVICE_FAMILY = "1,2";
			};
			name = Debug;
		};
		4A0D3D251D99E24300B79F75 /* Release */ = {
			isa = XCBuildConfiguration;
			buildSettings = {
				ALWAYS_SEARCH_USER_PATHS = NO;
				CLANG_ANALYZER_NONNULL = YES;
				CLANG_CXX_LANGUAGE_STANDARD = "gnu++0x";
				CLANG_CXX_LIBRARY = "libc++";
				CLANG_ENABLE_MODULES = YES;
				CLANG_ENABLE_OBJC_ARC = YES;
				CLANG_WARN_BOOL_CONVERSION = YES;
				CLANG_WARN_CONSTANT_CONVERSION = YES;
				CLANG_WARN_DIRECT_OBJC_ISA_USAGE = YES_ERROR;
				CLANG_WARN_EMPTY_BODY = YES;
				CLANG_WARN_ENUM_CONVERSION = YES;
				CLANG_WARN_INT_CONVERSION = YES;
				CLANG_WARN_OBJC_ROOT_CLASS = YES_ERROR;
				CLANG_WARN_UNREACHABLE_CODE = YES;
				CLANG_WARN__DUPLICATE_METHOD_MATCH = YES;
				"CODE_SIGN_IDENTITY[sdk=iphoneos*]" = "iPhone Developer";
				COPY_PHASE_STRIP = NO;
				DEBUG_INFORMATION_FORMAT = "dwarf-with-dsym";
				ENABLE_NS_ASSERTIONS = NO;
				ENABLE_STRICT_OBJC_MSGSEND = YES;
				GCC_C_LANGUAGE_STANDARD = gnu99;
				GCC_NO_COMMON_BLOCKS = YES;
				GCC_WARN_64_TO_32_BIT_CONVERSION = YES;
				GCC_WARN_ABOUT_RETURN_TYPE = YES_ERROR;
				GCC_WARN_UNDECLARED_SELECTOR = YES;
				GCC_WARN_UNINITIALIZED_AUTOS = YES_AGGRESSIVE;
				GCC_WARN_UNUSED_FUNCTION = YES;
				GCC_WARN_UNUSED_VARIABLE = YES;
				IPHONEOS_DEPLOYMENT_TARGET = 9.3;
				MTL_ENABLE_DEBUG_INFO = NO;
				SDKROOT = iphoneos;
				TARGETED_DEVICE_FAMILY = "1,2";
				VALIDATE_PRODUCT = YES;
			};
			name = Release;
		};
		4A0D3D271D99E24300B79F75 /* Debug */ = {
			isa = XCBuildConfiguration;
			baseConfigurationReference = 39D65A982690C4FA45CAB171 /* Pods-AudioAssist.debug.xcconfig */;
			buildSettings = {
				ASSETCATALOG_COMPILER_APPICON_NAME = AppIcon;
				INFOPLIST_FILE = AudioAssist/Info.plist;
				IPHONEOS_DEPLOYMENT_TARGET = 9.2;
				LD_RUNPATH_SEARCH_PATHS = "$(inherited) @executable_path/Frameworks";
				PRODUCT_BUNDLE_IDENTIFIER = com.gerusa04.AudioAssist;
				PRODUCT_NAME = "$(TARGET_NAME)";
			};
			name = Debug;
		};
		4A0D3D281D99E24300B79F75 /* Release */ = {
			isa = XCBuildConfiguration;
			baseConfigurationReference = 46B5F27CC8763D72BC89C467 /* Pods-AudioAssist.release.xcconfig */;
			buildSettings = {
				ASSETCATALOG_COMPILER_APPICON_NAME = AppIcon;
				INFOPLIST_FILE = AudioAssist/Info.plist;
				IPHONEOS_DEPLOYMENT_TARGET = 9.2;
				LD_RUNPATH_SEARCH_PATHS = "$(inherited) @executable_path/Frameworks";
				PRODUCT_BUNDLE_IDENTIFIER = com.gerusa04.AudioAssist;
				PRODUCT_NAME = "$(TARGET_NAME)";
			};
			name = Release;
		};
/* End XCBuildConfiguration section */

/* Begin XCConfigurationList section */
		4A0D3D0C1D99E24300B79F75 /* Build configuration list for PBXProject "AudioAssist" */ = {
			isa = XCConfigurationList;
			buildConfigurations = (
				4A0D3D241D99E24300B79F75 /* Debug */,
				4A0D3D251D99E24300B79F75 /* Release */,
			);
			defaultConfigurationIsVisible = 0;
			defaultConfigurationName = Release;
		};
		4A0D3D261D99E24300B79F75 /* Build configuration list for PBXNativeTarget "AudioAssist" */ = {
			isa = XCConfigurationList;
			buildConfigurations = (
				4A0D3D271D99E24300B79F75 /* Debug */,
				4A0D3D281D99E24300B79F75 /* Release */,
			);
			defaultConfigurationIsVisible = 0;
			defaultConfigurationName = Release;
		};
/* End XCConfigurationList section */

/* Begin XCVersionGroup section */
		4A0D3D1B1D99E24300B79F75 /* AudioAssist.xcdatamodeld */ = {
			isa = XCVersionGroup;
			children = (
				4A0D3D1C1D99E24300B79F75 /* AudioAssist.xcdatamodel */,
			);
			currentVersion = 4A0D3D1C1D99E24300B79F75 /* AudioAssist.xcdatamodel */;
			path = AudioAssist.xcdatamodeld;
			sourceTree = "<group>";
			versionGroupType = wrapper.xcdatamodel;
		};
/* End XCVersionGroup section */
	};
	rootObject = 4A0D3D091D99E24300B79F75 /* Project object */;
}
